{
  "name": "assignment",
  "version": "1.0.0",
  "lockfileVersion": 1,
  "requires": true,
  "dependencies": {
    "@mysql/xdevapi": {
      "version": "8.0.13",
      "resolved": "https://registry.npmjs.org/@mysql/xdevapi/-/xdevapi-8.0.13.tgz",
      "integrity": "sha512-ArqNFdw7RcciB3gC7u3FNz6OFn3GtrIbibTRFBRhcDwaz6PXfeOXyxczvUrFtJUx6SJ25a+cxD83wuAvqHDIyA==",
      "requires": {
        "google-protobuf": "3.4.0",
        "parsimmon": "1.6.2"
      }
    },
    "deg2rad": {
      "version": "1.0.0",
      "resolved": "https://registry.npmjs.org/deg2rad/-/deg2rad-1.0.0.tgz",
      "integrity": "sha1-wgn3oUpQ9kQvCkPyr+DQwCwxUWY="
    },
    "google-protobuf": {
      "version": "3.4.0",
      "resolved": "https://registry.npmjs.org/google-protobuf/-/google-protobuf-3.4.0.tgz",
      "integrity": "sha512-8gq3CyAZFyHJ5dZ0Du/OztbwxEHhHTNOtfr1cSUQYuW6lsrKjMU2DETvOlxPpYNKZ7zAW4xEE7UWqrTxH7bG6Q=="
    },
    "parsimmon": {
      "version": "1.6.2",
      "resolved": "https://registry.npmjs.org/parsimmon/-/parsimmon-1.6.2.tgz",
      "integrity": "sha512-bJNB0ZQhHyM5KqO2Z5ttQAVn/PZ2pccxaOnMcZ0Su7HA1Iv4GQTfUmzSZ6N3jcsCn9F68PZcypAvF3nDRRL+3g=="
    },
    "rad2deg": {
      "version": "1.0.0",
      "resolved": "https://registry.npmjs.org/rad2deg/-/rad2deg-1.0.0.tgz",
      "integrity": "sha1-OsrJfqUww1nr1K5CxeUbOPY7HdQ="
    },
    "sax": {
      "version": "1.2.4",
      "resolved": "https://registry.npmjs.org/sax/-/sax-1.2.4.tgz",
      "integrity": "sha512-NqVDv9TpANUjFm0N8uM5GxL36UgKi9/atZw+x7YFnQ8ckwFGKrl4xX4yWtrey3UJm5nP1kUbnYgLopqWNSRhWw=="
    },
    "xml2js": {
      "version": "0.4.19",
      "resolved": "https://registry.npmjs.org/xml2js/-/xml2js-0.4.19.tgz",
      "integrity": "sha512-esZnJZJOiJR9wWKMyuvSE1y6Dq5LCuJanqhxslH2bxM6duahNZ+HMpCLhBQGZkbX6xRf8x1Y2eJlgt2q3qo49Q==",
      "requires": {
        "sax": ">=0.6.0",
        "xmlbuilder": "~9.0.1"
      }
    },
    "xmlbuilder": {
      "version": "9.0.7",
      "resolved": "http://registry.npmjs.org/xmlbuilder/-/xmlbuilder-9.0.7.tgz",
      "integrity": "sha1-Ey7mPS7FVlxVfiD0wi35rKaGsQ0="
    }
  }
}
